// !$*UTF8*$!
{
	archiveVersion = 1;
	classes = {
	};
	objectVersion = 45;
	objects = {

/* Begin PBXBuildFile section */
		1D134B3D132DA2E6006FAE3E /* NewShelfRuleController.m in Sources */ = {isa = PBXBuildFile; fileRef = 1D134B3C132DA2E6006FAE3E /* NewShelfRuleController.m */; };
		1D26A6F81339432D00EE0A31 /* ApplicationServices.framework in Frameworks */ = {isa = PBXBuildFile; fileRef = 1D26A6F71339432D00EE0A31 /* ApplicationServices.framework */; };
		1D26A6FB13394A0B00EE0A31 /* MenuItemController.m in Sources */ = {isa = PBXBuildFile; fileRef = 1D26A6FA13394A0A00EE0A31 /* MenuItemController.m */; };
		1D26A6FE1339919E00EE0A31 /* Localizable.strings in Resources */ = {isa = PBXBuildFile; fileRef = 1D26A7001339919E00EE0A31 /* Localizable.strings */; };
		1D4AFB2D13453A5A00D2485D /* DesktopShelf.scriptSuite in Resources */ = {isa = PBXBuildFile; fileRef = 1D4AFB2B13453A5A00D2485D /* DesktopShelf.scriptSuite */; };
		1D4AFB2E13453A5A00D2485D /* DesktopShelf.scriptTerminology in Resources */ = {isa = PBXBuildFile; fileRef = 1D4AFB2C13453A5A00D2485D /* DesktopShelf.scriptTerminology */; };
		1D4AFB3113453EE000D2485D /* ShelfItem+Applescript.m in Sources */ = {isa = PBXBuildFile; fileRef = 1D4AFB3013453EE000D2485D /* ShelfItem+Applescript.m */; };
		1D4AFB341345408000D2485D /* NSApplication+Applescript.m in Sources */ = {isa = PBXBuildFile; fileRef = 1D4AFB331345408000D2485D /* NSApplication+Applescript.m */; };
		1D72842C1316D8510054939F /* _ShelfItem.m in Sources */ = {isa = PBXBuildFile; fileRef = 1D7284291316D8510054939F /* _ShelfItem.m */; };
		1D72842D1316D8510054939F /* ShelfItem.m in Sources */ = {isa = PBXBuildFile; fileRef = 1D72842B1316D8510054939F /* ShelfItem.m */; };
		1D7285AA1316E8E00054939F /* DataToImageTransformer.m in Sources */ = {isa = PBXBuildFile; fileRef = 1D7285A91316E8E00054939F /* DataToImageTransformer.m */; };
		1D728672131807FC0054939F /* Prefs.xib in Resources */ = {isa = PBXBuildFile; fileRef = 1D728671131807FC0054939F /* Prefs.xib */; };
		1D728675131808410054939F /* PreferencesController.m in Sources */ = {isa = PBXBuildFile; fileRef = 1D728674131808410054939F /* PreferencesController.m */; };
		1D7286CA131847E00054939F /* ShelfRulesTransformer.m in Sources */ = {isa = PBXBuildFile; fileRef = 1D7286C9131847E00054939F /* ShelfRulesTransformer.m */; };
		1D7286CF131848C80054939F /* ShelfRule.m in Sources */ = {isa = PBXBuildFile; fileRef = 1D7286CE131848C80054939F /* ShelfRule.m */; };
		1D87C6D71354C8D800022A12 /* FCSWebPage.m in Sources */ = {isa = PBXBuildFile; fileRef = 1D87C6D61354C8D800022A12 /* FCSWebPage.m */; };
		1D8B3DB91316A82500CCE51A /* TableWindow.xib in Resources */ = {isa = PBXBuildFile; fileRef = 1D8B3DB81316A82500CCE51A /* TableWindow.xib */; };
		1D8B3E5F1316C20500CCE51A /* URLFile.m in Sources */ = {isa = PBXBuildFile; fileRef = 1D8B3E5C1316C20500CCE51A /* URLFile.m */; };
		1D8B3E601316C20500CCE51A /* WeblocFile.m in Sources */ = {isa = PBXBuildFile; fileRef = 1D8B3E5E1316C20500CCE51A /* WeblocFile.m */; };
		1D8B3ED71316C2F800CCE51A /* FileWatcher.m in Sources */ = {isa = PBXBuildFile; fileRef = 1D8B3ED61316C2F800CCE51A /* FileWatcher.m */; };
		1D8B3EE51316C3AC00CCE51A /* DesktopShelfController.m in Sources */ = {isa = PBXBuildFile; fileRef = 1D8B3EE41316C3AC00CCE51A /* DesktopShelfController.m */; };
		1D8B3EE81316C3C800CCE51A /* TableWindowController.m in Sources */ = {isa = PBXBuildFile; fileRef = 1D8B3EE71316C3C800CCE51A /* TableWindowController.m */; };
		1D8FEA60131C22ED000E150F /* ShellScriptLauncher.m in Sources */ = {isa = PBXBuildFile; fileRef = 1D8FEA5F131C22ED000E150F /* ShellScriptLauncher.m */; };
		1D8FEA6D131C2648000E150F /* DesktopShelf_AppDelegate+Additions.m in Sources */ = {isa = PBXBuildFile; fileRef = 1D8FEA6C131C2648000E150F /* DesktopShelf_AppDelegate+Additions.m */; };
		1D8FEB88131C456C000E150F /* QuickLook.framework in Frameworks */ = {isa = PBXBuildFile; fileRef = 1D8FEB87131C456C000E150F /* QuickLook.framework */; };
		1DD4CBEC131DBBD2008BC62E /* MIT-License.rtf in Resources */ = {isa = PBXBuildFile; fileRef = 1DD4CBE9131DBBD2008BC62E /* MIT-License.rtf */; };
		1DD4CBED131DBBD2008BC62E /* RSVerticallyCenteredTextFieldCell.m in Sources */ = {isa = PBXBuildFile; fileRef = 1DD4CBEB131DBBD2008BC62E /* RSVerticallyCenteredTextFieldCell.m */; };
		1DD4CBF0131DBC17008BC62E /* Credits.rtf in Resources */ = {isa = PBXBuildFile; fileRef = 1DD4CBEF131DBC17008BC62E /* Credits.rtf */; };
		1DD4CC7D131DC4AA008BC62E /* NewShelfRuleWindow.xib in Resources */ = {isa = PBXBuildFile; fileRef = 1DD4CC7C131DC4AA008BC62E /* NewShelfRuleWindow.xib */; };
		1DF56B351343C053006B5F9D /* SyncServices.framework in Frameworks */ = {isa = PBXBuildFile; fileRef = 1DF56B341343C053006B5F9D /* SyncServices.framework */; };
		1DF56B6D1343C2E4006B5F9D /* Foundation.framework in Frameworks */ = {isa = PBXBuildFile; fileRef = 1DF56B1E1343BA9C006B5F9D /* Foundation.framework */; };
		1DF56B731343C2E4006B5F9D /* InfoPlist.strings in Resources */ = {isa = PBXBuildFile; fileRef = 1DF56B711343C2E4006B5F9D /* InfoPlist.strings */; };
		1DF56B771343C2E4006B5F9D /* Schema-strings.m in Sources */ = {isa = PBXBuildFile; fileRef = 1DF56B761343C2E4006B5F9D /* Schema-strings.m */; };
		1DF56B791343C2E4006B5F9D /* Schema.plist in Resources */ = {isa = PBXBuildFile; fileRef = 1DF56B781343C2E4006B5F9D /* Schema.plist */; };
		1DF56B7C1343C2E4006B5F9D /* Schema.strings in Resources */ = {isa = PBXBuildFile; fileRef = 1DF56B7A1343C2E4006B5F9D /* Schema.strings */; };
		1DF56B7E1343C2E4006B5F9D /* SyncDataClass.tiff in Resources */ = {isa = PBXBuildFile; fileRef = 1DF56B7D1343C2E4006B5F9D /* SyncDataClass.tiff */; };
		1DF56B841343C367006B5F9D /* DesktopShelfSync.syncschema in Resources */ = {isa = PBXBuildFile; fileRef = 1DF56B6C1343C2E4006B5F9D /* DesktopShelfSync.syncschema */; };
		1DF56B861343C6AA006B5F9D /* ClientDescription.plist in Resources */ = {isa = PBXBuildFile; fileRef = 1DF56B851343C6AA006B5F9D /* ClientDescription.plist */; };
		1DF56B891343C835006B5F9D /* SyncController.m in Sources */ = {isa = PBXBuildFile; fileRef = 1DF56B881343C835006B5F9D /* SyncController.m */; };
		2F7446990DB6B7EA00F9684A /* MainMenu.xib in Resources */ = {isa = PBXBuildFile; fileRef = 2F7446970DB6B7EA00F9684A /* MainMenu.xib */; };
		770B37ED0679A11B001EADE2 /* DesktopShelf_DataModel.xcdatamodel in Sources */ = {isa = PBXBuildFile; fileRef = 770B37EC0679A11B001EADE2 /* DesktopShelf_DataModel.xcdatamodel */; };
		77C8280E06725ACE000B614F /* DesktopShelf_AppDelegate.m in Sources */ = {isa = PBXBuildFile; fileRef = 77C8280C06725ACE000B614F /* DesktopShelf_AppDelegate.m */; };
		8D11072B0486CEB800E47090 /* InfoPlist.strings in Resources */ = {isa = PBXBuildFile; fileRef = 089C165CFE840E0CC02AAC07 /* InfoPlist.strings */; };
		8D11072D0486CEB800E47090 /* main.m in Sources */ = {isa = PBXBuildFile; fileRef = 29B97316FDCFA39411CA2CEA /* main.m */; settings = {ATTRIBUTES = (); }; };
		8D11072F0486CEB800E47090 /* Cocoa.framework in Frameworks */ = {isa = PBXBuildFile; fileRef = 1058C7A1FEA54F0111CA2CBB /* Cocoa.framework */; };
/* End PBXBuildFile section */

/* Begin PBXContainerItemProxy section */
		1DF56B821343C339006B5F9D /* PBXContainerItemProxy */ = {
			isa = PBXContainerItemProxy;
			containerPortal = 29B97313FDCFA39411CA2CEA /* Project object */;
			proxyType = 1;
			remoteGlobalIDString = 1DF56B6B1343C2E4006B5F9D;
			remoteInfo = DesktopShelfSync;
		};
/* End PBXContainerItemProxy section */

/* Begin PBXCopyFilesBuildPhase section */
		7905130A0DDD0A660070760D /* CopyFiles */ = {
			isa = PBXCopyFilesBuildPhase;
			buildActionMask = 2147483647;
			dstPath = ../Library/Spotlight;
			dstSubfolderSpec = 7;
			files = (
			);
			runOnlyForDeploymentPostprocessing = 0;
		};
/* End PBXCopyFilesBuildPhase section */

/* Begin PBXFileReference section */
		089C165DFE840E0CC02AAC07 /* English */ = {isa = PBXFileReference; fileEncoding = 10; lastKnownFileType = text.plist.strings; name = English; path = English.lproj/InfoPlist.strings; sourceTree = "<group>"; };
		1058C7A1FEA54F0111CA2CBB /* Cocoa.framework */ = {isa = PBXFileReference; lastKnownFileType = wrapper.framework; name = Cocoa.framework; path = /System/Library/Frameworks/Cocoa.framework; sourceTree = "<absolute>"; };
		1D134B3B132DA2E6006FAE3E /* NewShelfRuleController.h */ = {isa = PBXFileReference; fileEncoding = 4; lastKnownFileType = sourcecode.c.h; path = NewShelfRuleController.h; sourceTree = "<group>"; };
		1D134B3C132DA2E6006FAE3E /* NewShelfRuleController.m */ = {isa = PBXFileReference; fileEncoding = 4; lastKnownFileType = sourcecode.c.objc; path = NewShelfRuleController.m; sourceTree = "<group>"; };
		1D26A6F71339432D00EE0A31 /* ApplicationServices.framework */ = {isa = PBXFileReference; lastKnownFileType = wrapper.framework; name = ApplicationServices.framework; path = System/Library/Frameworks/ApplicationServices.framework; sourceTree = SDKROOT; };
		1D26A6F913394A0A00EE0A31 /* MenuItemController.h */ = {isa = PBXFileReference; fileEncoding = 4; lastKnownFileType = sourcecode.c.h; path = MenuItemController.h; sourceTree = "<group>"; };
		1D26A6FA13394A0A00EE0A31 /* MenuItemController.m */ = {isa = PBXFileReference; fileEncoding = 4; lastKnownFileType = sourcecode.c.objc; path = MenuItemController.m; sourceTree = "<group>"; };
		1D26A6FF1339919E00EE0A31 /* English */ = {isa = PBXFileReference; fileEncoding = 10; lastKnownFileType = text.plist.strings; name = English; path = English.lproj/Localizable.strings; sourceTree = "<group>"; };
		1D4AFB2B13453A5A00D2485D /* DesktopShelf.scriptSuite */ = {isa = PBXFileReference; lastKnownFileType = text.plist.scriptSuite; path = DesktopShelf.scriptSuite; sourceTree = "<group>"; };
		1D4AFB2C13453A5A00D2485D /* DesktopShelf.scriptTerminology */ = {isa = PBXFileReference; lastKnownFileType = text.plist.scriptTerminology; path = DesktopShelf.scriptTerminology; sourceTree = "<group>"; };
		1D4AFB2F13453EE000D2485D /* ShelfItem+Applescript.h */ = {isa = PBXFileReference; fileEncoding = 4; lastKnownFileType = sourcecode.c.h; path = "ShelfItem+Applescript.h"; sourceTree = "<group>"; };
		1D4AFB3013453EE000D2485D /* ShelfItem+Applescript.m */ = {isa = PBXFileReference; fileEncoding = 4; lastKnownFileType = sourcecode.c.objc; path = "ShelfItem+Applescript.m"; sourceTree = "<group>"; };
		1D4AFB321345408000D2485D /* NSApplication+Applescript.h */ = {isa = PBXFileReference; fileEncoding = 4; lastKnownFileType = sourcecode.c.h; path = "NSApplication+Applescript.h"; sourceTree = "<group>"; };
		1D4AFB331345408000D2485D /* NSApplication+Applescript.m */ = {isa = PBXFileReference; fileEncoding = 4; lastKnownFileType = sourcecode.c.objc; path = "NSApplication+Applescript.m"; sourceTree = "<group>"; };
		1D7284281316D8510054939F /* _ShelfItem.h */ = {isa = PBXFileReference; fileEncoding = 4; lastKnownFileType = sourcecode.c.h; path = _ShelfItem.h; sourceTree = "<group>"; };
		1D7284291316D8510054939F /* _ShelfItem.m */ = {isa = PBXFileReference; fileEncoding = 4; lastKnownFileType = sourcecode.c.objc; path = _ShelfItem.m; sourceTree = "<group>"; };
		1D72842A1316D8510054939F /* ShelfItem.h */ = {isa = PBXFileReference; fileEncoding = 4; lastKnownFileType = sourcecode.c.h; path = ShelfItem.h; sourceTree = "<group>"; };
		1D72842B1316D8510054939F /* ShelfItem.m */ = {isa = PBXFileReference; fileEncoding = 4; lastKnownFileType = sourcecode.c.objc; path = ShelfItem.m; sourceTree = "<group>"; };
		1D7284961316DADE0054939F /* includes.h */ = {isa = PBXFileReference; fileEncoding = 4; lastKnownFileType = sourcecode.c.h; path = includes.h; sourceTree = "<group>"; };
		1D7285A81316E8E00054939F /* DataToImageTransformer.h */ = {isa = PBXFileReference; fileEncoding = 4; lastKnownFileType = sourcecode.c.h; path = DataToImageTransformer.h; sourceTree = "<group>"; };
		1D7285A91316E8E00054939F /* DataToImageTransformer.m */ = {isa = PBXFileReference; fileEncoding = 4; lastKnownFileType = sourcecode.c.objc; path = DataToImageTransformer.m; sourceTree = "<group>"; };
		1D728671131807FC0054939F /* Prefs.xib */ = {isa = PBXFileReference; lastKnownFileType = file.xib; path = Prefs.xib; sourceTree = "<group>"; };
		1D728673131808410054939F /* PreferencesController.h */ = {isa = PBXFileReference; fileEncoding = 4; lastKnownFileType = sourcecode.c.h; path = PreferencesController.h; sourceTree = "<group>"; };
		1D728674131808410054939F /* PreferencesController.m */ = {isa = PBXFileReference; fileEncoding = 4; lastKnownFileType = sourcecode.c.objc; path = PreferencesController.m; sourceTree = "<group>"; };
		1D7286C8131847E00054939F /* ShelfRulesTransformer.h */ = {isa = PBXFileReference; fileEncoding = 4; lastKnownFileType = sourcecode.c.h; path = ShelfRulesTransformer.h; sourceTree = "<group>"; };
		1D7286C9131847E00054939F /* ShelfRulesTransformer.m */ = {isa = PBXFileReference; fileEncoding = 4; lastKnownFileType = sourcecode.c.objc; path = ShelfRulesTransformer.m; sourceTree = "<group>"; };
		1D7286CD131848C80054939F /* ShelfRule.h */ = {isa = PBXFileReference; fileEncoding = 4; lastKnownFileType = sourcecode.c.h; path = ShelfRule.h; sourceTree = "<group>"; };
		1D7286CE131848C80054939F /* ShelfRule.m */ = {isa = PBXFileReference; fileEncoding = 4; lastKnownFileType = sourcecode.c.objc; path = ShelfRule.m; sourceTree = "<group>"; };
		1D87C6D51354C8D800022A12 /* FCSWebPage.h */ = {isa = PBXFileReference; fileEncoding = 4; lastKnownFileType = sourcecode.c.h; path = FCSWebPage.h; sourceTree = "<group>"; };
		1D87C6D61354C8D800022A12 /* FCSWebPage.m */ = {isa = PBXFileReference; fileEncoding = 4; lastKnownFileType = sourcecode.c.objc; path = FCSWebPage.m; sourceTree = "<group>"; };
		1D8B3DB81316A82500CCE51A /* TableWindow.xib */ = {isa = PBXFileReference; lastKnownFileType = file.xib; path = TableWindow.xib; sourceTree = "<group>"; };
		1D8B3E5B1316C20500CCE51A /* URLFile.h */ = {isa = PBXFileReference; fileEncoding = 4; lastKnownFileType = sourcecode.c.h; path = URLFile.h; sourceTree = "<group>"; };
		1D8B3E5C1316C20500CCE51A /* URLFile.m */ = {isa = PBXFileReference; fileEncoding = 4; lastKnownFileType = sourcecode.c.objc; path = URLFile.m; sourceTree = "<group>"; };
		1D8B3E5D1316C20500CCE51A /* WeblocFile.h */ = {isa = PBXFileReference; fileEncoding = 4; lastKnownFileType = sourcecode.c.h; path = WeblocFile.h; sourceTree = "<group>"; };
		1D8B3E5E1316C20500CCE51A /* WeblocFile.m */ = {isa = PBXFileReference; fileEncoding = 4; lastKnownFileType = sourcecode.c.objc; path = WeblocFile.m; sourceTree = "<group>"; };
		1D8B3ED51316C2F800CCE51A /* FileWatcher.h */ = {isa = PBXFileReference; fileEncoding = 4; lastKnownFileType = sourcecode.c.h; name = FileWatcher.h; path = ../Paperclip/FileWatcher.h; sourceTree = SOURCE_ROOT; };
		1D8B3ED61316C2F800CCE51A /* FileWatcher.m */ = {isa = PBXFileReference; fileEncoding = 4; lastKnownFileType = sourcecode.c.objc; name = FileWatcher.m; path = ../Paperclip/FileWatcher.m; sourceTree = SOURCE_ROOT; };
		1D8B3EE31316C3AC00CCE51A /* DesktopShelfController.h */ = {isa = PBXFileReference; fileEncoding = 4; lastKnownFileType = sourcecode.c.h; path = DesktopShelfController.h; sourceTree = "<group>"; };
		1D8B3EE41316C3AC00CCE51A /* DesktopShelfController.m */ = {isa = PBXFileReference; fileEncoding = 4; lastKnownFileType = sourcecode.c.objc; path = DesktopShelfController.m; sourceTree = "<group>"; };
		1D8B3EE61316C3C800CCE51A /* TableWindowController.h */ = {isa = PBXFileReference; fileEncoding = 4; lastKnownFileType = sourcecode.c.h; path = TableWindowController.h; sourceTree = "<group>"; };
		1D8B3EE71316C3C800CCE51A /* TableWindowController.m */ = {isa = PBXFileReference; fileEncoding = 4; lastKnownFileType = sourcecode.c.objc; path = TableWindowController.m; sourceTree = "<group>"; };
		1D8FEA5E131C22ED000E150F /* ShellScriptLauncher.h */ = {isa = PBXFileReference; fileEncoding = 4; lastKnownFileType = sourcecode.c.h; path = ShellScriptLauncher.h; sourceTree = "<group>"; };
		1D8FEA5F131C22ED000E150F /* ShellScriptLauncher.m */ = {isa = PBXFileReference; fileEncoding = 4; lastKnownFileType = sourcecode.c.objc; path = ShellScriptLauncher.m; sourceTree = "<group>"; };
		1D8FEA6B131C2648000E150F /* DesktopShelf_AppDelegate+Additions.h */ = {isa = PBXFileReference; fileEncoding = 4; lastKnownFileType = sourcecode.c.h; path = "DesktopShelf_AppDelegate+Additions.h"; sourceTree = "<group>"; };
		1D8FEA6C131C2648000E150F /* DesktopShelf_AppDelegate+Additions.m */ = {isa = PBXFileReference; fileEncoding = 4; lastKnownFileType = sourcecode.c.objc; path = "DesktopShelf_AppDelegate+Additions.m"; sourceTree = "<group>"; };
		1D8FEB87131C456C000E150F /* QuickLook.framework */ = {isa = PBXFileReference; lastKnownFileType = wrapper.framework; name = QuickLook.framework; path = System/Library/Frameworks/QuickLook.framework; sourceTree = SDKROOT; };
		1DD4CBE9131DBBD2008BC62E /* MIT-License.rtf */ = {isa = PBXFileReference; lastKnownFileType = text.rtf; path = "MIT-License.rtf"; sourceTree = "<group>"; };
		1DD4CBEA131DBBD2008BC62E /* RSVerticallyCenteredTextFieldCell.h */ = {isa = PBXFileReference; fileEncoding = 4; lastKnownFileType = sourcecode.c.h; path = RSVerticallyCenteredTextFieldCell.h; sourceTree = "<group>"; };
		1DD4CBEB131DBBD2008BC62E /* RSVerticallyCenteredTextFieldCell.m */ = {isa = PBXFileReference; fileEncoding = 4; lastKnownFileType = sourcecode.c.objc; path = RSVerticallyCenteredTextFieldCell.m; sourceTree = "<group>"; };
		1DD4CBEF131DBC17008BC62E /* Credits.rtf */ = {isa = PBXFileReference; lastKnownFileType = text.rtf; path = Credits.rtf; sourceTree = "<group>"; };
		1DD4CC7C131DC4AA008BC62E /* NewShelfRuleWindow.xib */ = {isa = PBXFileReference; lastKnownFileType = file.xib; path = NewShelfRuleWindow.xib; sourceTree = "<group>"; };
		1DF56B1E1343BA9C006B5F9D /* Foundation.framework */ = {isa = PBXFileReference; lastKnownFileType = wrapper.framework; name = Foundation.framework; path = System/Library/Frameworks/Foundation.framework; sourceTree = SDKROOT; };
		1DF56B341343C053006B5F9D /* SyncServices.framework */ = {isa = PBXFileReference; lastKnownFileType = wrapper.framework; name = SyncServices.framework; path = System/Library/Frameworks/SyncServices.framework; sourceTree = SDKROOT; };
		1DF56B3D1343C216006B5F9D /* Cocoa.framework */ = {isa = PBXFileReference; lastKnownFileType = wrapper.framework; name = Cocoa.framework; path = System/Library/Frameworks/Cocoa.framework; sourceTree = SDKROOT; };
		1DF56B3F1343C216006B5F9D /* WebKit.framework */ = {isa = PBXFileReference; lastKnownFileType = wrapper.framework; name = WebKit.framework; path = System/Library/Frameworks/WebKit.framework; sourceTree = SDKROOT; };
		1DF56B6C1343C2E4006B5F9D /* DesktopShelfSync.syncschema */ = {isa = PBXFileReference; explicitFileType = wrapper.cfbundle; includeInIndex = 0; path = DesktopShelfSync.syncschema; sourceTree = BUILT_PRODUCTS_DIR; };
		1DF56B701343C2E4006B5F9D /* DesktopShelfSync-Info.plist */ = {isa = PBXFileReference; lastKnownFileType = text.plist.xml; path = "DesktopShelfSync-Info.plist"; sourceTree = "<group>"; };
		1DF56B721343C2E4006B5F9D /* en */ = {isa = PBXFileReference; lastKnownFileType = text.plist.strings; name = en; path = en.lproj/InfoPlist.strings; sourceTree = "<group>"; };
		1DF56B741343C2E4006B5F9D /* DesktopShelfSync-Prefix.pch */ = {isa = PBXFileReference; lastKnownFileType = sourcecode.c.h; path = "DesktopShelfSync-Prefix.pch"; sourceTree = "<group>"; };
		1DF56B751343C2E4006B5F9D /* Schema-strings.h */ = {isa = PBXFileReference; lastKnownFileType = sourcecode.c.h; name = "Schema-strings.h"; path = "Sources/Schema-strings.h"; sourceTree = "<group>"; };
		1DF56B761343C2E4006B5F9D /* Schema-strings.m */ = {isa = PBXFileReference; lastKnownFileType = sourcecode.c.objc; name = "Schema-strings.m"; path = "Sources/Schema-strings.m"; sourceTree = "<group>"; };
		1DF56B781343C2E4006B5F9D /* Schema.plist */ = {isa = PBXFileReference; lastKnownFileType = text.plist.xml; path = Schema.plist; sourceTree = "<group>"; };
		1DF56B7B1343C2E4006B5F9D /* en */ = {isa = PBXFileReference; lastKnownFileType = text.plist.strings; name = en; path = en.lproj/Schema.strings; sourceTree = "<group>"; };
		1DF56B7D1343C2E4006B5F9D /* SyncDataClass.tiff */ = {isa = PBXFileReference; lastKnownFileType = image.tiff; path = SyncDataClass.tiff; sourceTree = "<group>"; };
		1DF56B851343C6AA006B5F9D /* ClientDescription.plist */ = {isa = PBXFileReference; fileEncoding = 4; lastKnownFileType = text.plist.xml; path = ClientDescription.plist; sourceTree = "<group>"; };
		1DF56B871343C835006B5F9D /* SyncController.h */ = {isa = PBXFileReference; fileEncoding = 4; lastKnownFileType = sourcecode.c.h; path = SyncController.h; sourceTree = "<group>"; };
		1DF56B881343C835006B5F9D /* SyncController.m */ = {isa = PBXFileReference; fileEncoding = 4; lastKnownFileType = sourcecode.c.objc; path = SyncController.m; sourceTree = "<group>"; };
		29B97316FDCFA39411CA2CEA /* main.m */ = {isa = PBXFileReference; fileEncoding = 4; lastKnownFileType = sourcecode.c.objc; path = main.m; sourceTree = "<group>"; };
		29B97324FDCFA39411CA2CEA /* AppKit.framework */ = {isa = PBXFileReference; lastKnownFileType = wrapper.framework; name = AppKit.framework; path = /System/Library/Frameworks/AppKit.framework; sourceTree = "<absolute>"; };
		29B97325FDCFA39411CA2CEA /* Foundation.framework */ = {isa = PBXFileReference; lastKnownFileType = wrapper.framework; name = Foundation.framework; path = /System/Library/Frameworks/Foundation.framework; sourceTree = "<absolute>"; };
		2F7446980DB6B7EA00F9684A /* English */ = {isa = PBXFileReference; lastKnownFileType = file.xib; name = English; path = English.lproj/MainMenu.xib; sourceTree = "<group>"; };
		32CA4F630368D1EE00C91783 /* DesktopShelf_Prefix.pch */ = {isa = PBXFileReference; fileEncoding = 4; lastKnownFileType = sourcecode.c.h; path = DesktopShelf_Prefix.pch; sourceTree = "<group>"; };
		770B37EC0679A11B001EADE2 /* DesktopShelf_DataModel.xcdatamodel */ = {isa = PBXFileReference; comments = "\nxmod\n"; fileEncoding = 4; lastKnownFileType = wrapper.xcdatamodel; path = DesktopShelf_DataModel.xcdatamodel; sourceTree = "<group>"; };
		77C82804067257F0000B614F /* CoreData.framework */ = {isa = PBXFileReference; lastKnownFileType = wrapper.framework; name = CoreData.framework; path = /System/Library/Frameworks/CoreData.framework; sourceTree = "<absolute>"; };
		77C8280B06725ACE000B614F /* DesktopShelf_AppDelegate.h */ = {isa = PBXFileReference; fileEncoding = 4; lastKnownFileType = sourcecode.c.h; path = DesktopShelf_AppDelegate.h; sourceTree = "<group>"; };
		77C8280C06725ACE000B614F /* DesktopShelf_AppDelegate.m */ = {isa = PBXFileReference; fileEncoding = 4; lastKnownFileType = sourcecode.c.objc; path = DesktopShelf_AppDelegate.m; sourceTree = "<group>"; };
		797A78410DDCFB3E0050D0C2 /* Importer-Info.plist */ = {isa = PBXFileReference; explicitFileType = text.plist.xml; fileEncoding = 4; name = "Importer-Info.plist"; path = "Importer/Importer-Info.plist"; sourceTree = "<group>"; };
		797A7AE10DDCFCE80050D0C2 /* CoreFoundation.framework */ = {isa = PBXFileReference; lastKnownFileType = wrapper.framework; name = CoreFoundation.framework; path = ../../../../../../../../../../../../System/Library/Frameworks/CoreFoundation.framework; sourceTree = "<group>"; };
		797A7AE30DDCFCF40050D0C2 /* CoreServices.framework */ = {isa = PBXFileReference; lastKnownFileType = wrapper.framework; name = CoreServices.framework; path = ../../../../../../../../../../../../System/Library/Frameworks/CoreServices.framework; sourceTree = "<group>"; };
		8D1107310486CEB800E47090 /* DesktopShelf-Info.plist */ = {isa = PBXFileReference; explicitFileType = text.plist.xml; fileEncoding = 4; path = "DesktopShelf-Info.plist"; sourceTree = "<group>"; };
		8D1107320486CEB800E47090 /* DesktopShelf.app */ = {isa = PBXFileReference; explicitFileType = wrapper.application; includeInIndex = 0; path = DesktopShelf.app; sourceTree = BUILT_PRODUCTS_DIR; };
/* End PBXFileReference section */

/* Begin PBXFrameworksBuildPhase section */
		1DF56B691343C2E4006B5F9D /* Frameworks */ = {
			isa = PBXFrameworksBuildPhase;
			buildActionMask = 2147483647;
			files = (
				1DF56B6D1343C2E4006B5F9D /* Foundation.framework in Frameworks */,
			);
			runOnlyForDeploymentPostprocessing = 0;
		};
		8D11072E0486CEB800E47090 /* Frameworks */ = {
			isa = PBXFrameworksBuildPhase;
			buildActionMask = 2147483647;
			files = (
				1DF56B351343C053006B5F9D /* SyncServices.framework in Frameworks */,
				1D26A6F81339432D00EE0A31 /* ApplicationServices.framework in Frameworks */,
				8D11072F0486CEB800E47090 /* Cocoa.framework in Frameworks */,
				1D8FEB88131C456C000E150F /* QuickLook.framework in Frameworks */,
			);
			runOnlyForDeploymentPostprocessing = 0;
		};
/* End PBXFrameworksBuildPhase section */

/* Begin PBXGroup section */
		080E96DDFE201D6D7F000001 /* Classes */ = {
			isa = PBXGroup;
			children = (
				1D8FEAB8131C2E93000E150F /* AppDelegate */,
				1D8B3ED81316C2FC00CCE51A /* FileWatcher */,
				1D8B3E621316C21800CCE51A /* Scrapers */,
				1D8B3EE91316C3CF00CCE51A /* Controllers */,
				1D8FEAB9131C2E9C000E150F /* Transformers */,
				1D8FEABA131C2EBD000E150F /* Other */,
			);
			name = Classes;
			sourceTree = "<group>";
		};
		1058C7A0FEA54F0111CA2CBB /* Linked Frameworks */ = {
			isa = PBXGroup;
			children = (
				1058C7A1FEA54F0111CA2CBB /* Cocoa.framework */,
			);
			name = "Linked Frameworks";
			sourceTree = "<group>";
		};
		1058C7A2FEA54F0111CA2CBB /* Other Frameworks */ = {
			isa = PBXGroup;
			children = (
				797A7AE30DDCFCF40050D0C2 /* CoreServices.framework */,
				797A7AE10DDCFCE80050D0C2 /* CoreFoundation.framework */,
				77C82804067257F0000B614F /* CoreData.framework */,
				29B97325FDCFA39411CA2CEA /* Foundation.framework */,
				29B97324FDCFA39411CA2CEA /* AppKit.framework */,
			);
			name = "Other Frameworks";
			sourceTree = "<group>";
		};
		19C28FACFE9D520D11CA2CBB /* Products */ = {
			isa = PBXGroup;
			children = (
				8D1107320486CEB800E47090 /* DesktopShelf.app */,
				1DF56B6C1343C2E4006B5F9D /* DesktopShelfSync.syncschema */,
			);
			name = Products;
			sourceTree = "<group>";
		};
		1D7284271316D8510054939F /* mogen */ = {
			isa = PBXGroup;
			children = (
				1D7284281316D8510054939F /* _ShelfItem.h */,
				1D7284291316D8510054939F /* _ShelfItem.m */,
				1D72842A1316D8510054939F /* ShelfItem.h */,
				1D72842B1316D8510054939F /* ShelfItem.m */,
				1D4AFB2F13453EE000D2485D /* ShelfItem+Applescript.h */,
				1D4AFB3013453EE000D2485D /* ShelfItem+Applescript.m */,
			);
			path = mogen;
			sourceTree = "<group>";
		};
		1D8B3E621316C21800CCE51A /* Scrapers */ = {
			isa = PBXGroup;
			children = (
				1D8B3E5B1316C20500CCE51A /* URLFile.h */,
				1D8B3E5C1316C20500CCE51A /* URLFile.m */,
				1D8B3E5D1316C20500CCE51A /* WeblocFile.h */,
				1D8B3E5E1316C20500CCE51A /* WeblocFile.m */,
				1D87C6D51354C8D800022A12 /* FCSWebPage.h */,
				1D87C6D61354C8D800022A12 /* FCSWebPage.m */,
			);
			name = Scrapers;
			sourceTree = "<group>";
		};
		1D8B3ED81316C2FC00CCE51A /* FileWatcher */ = {
			isa = PBXGroup;
			children = (
				1D8B3ED51316C2F800CCE51A /* FileWatcher.h */,
				1D8B3ED61316C2F800CCE51A /* FileWatcher.m */,
			);
			name = FileWatcher;
			sourceTree = "<group>";
		};
		1D8B3EE91316C3CF00CCE51A /* Controllers */ = {
			isa = PBXGroup;
			children = (
				1D134B3B132DA2E6006FAE3E /* NewShelfRuleController.h */,
				1D134B3C132DA2E6006FAE3E /* NewShelfRuleController.m */,
				1D8B3EE31316C3AC00CCE51A /* DesktopShelfController.h */,
				1D8B3EE41316C3AC00CCE51A /* DesktopShelfController.m */,
				1D8B3EE61316C3C800CCE51A /* TableWindowController.h */,
				1D8B3EE71316C3C800CCE51A /* TableWindowController.m */,
				1D728673131808410054939F /* PreferencesController.h */,
				1D728674131808410054939F /* PreferencesController.m */,
				1D26A6F913394A0A00EE0A31 /* MenuItemController.h */,
				1D26A6FA13394A0A00EE0A31 /* MenuItemController.m */,
				1DF56B871343C835006B5F9D /* SyncController.h */,
				1DF56B881343C835006B5F9D /* SyncController.m */,
			);
			name = Controllers;
			sourceTree = "<group>";
		};
		1D8FEAB8131C2E93000E150F /* AppDelegate */ = {
			isa = PBXGroup;
			children = (
				77C8280B06725ACE000B614F /* DesktopShelf_AppDelegate.h */,
				77C8280C06725ACE000B614F /* DesktopShelf_AppDelegate.m */,
				1D8FEA6B131C2648000E150F /* DesktopShelf_AppDelegate+Additions.h */,
				1D8FEA6C131C2648000E150F /* DesktopShelf_AppDelegate+Additions.m */,
				1D4AFB321345408000D2485D /* NSApplication+Applescript.h */,
				1D4AFB331345408000D2485D /* NSApplication+Applescript.m */,
			);
			name = AppDelegate;
			sourceTree = "<group>";
		};
		1D8FEAB9131C2E9C000E150F /* Transformers */ = {
			isa = PBXGroup;
			children = (
				1D7285A81316E8E00054939F /* DataToImageTransformer.h */,
				1D7285A91316E8E00054939F /* DataToImageTransformer.m */,
				1D7286C8131847E00054939F /* ShelfRulesTransformer.h */,
				1D7286C9131847E00054939F /* ShelfRulesTransformer.m */,
			);
			name = Transformers;
			sourceTree = "<group>";
		};
		1D8FEABA131C2EBD000E150F /* Other */ = {
			isa = PBXGroup;
			children = (
				1D7286CD131848C80054939F /* ShelfRule.h */,
				1D7286CE131848C80054939F /* ShelfRule.m */,
				1D8FEA5E131C22ED000E150F /* ShellScriptLauncher.h */,
				1D8FEA5F131C22ED000E150F /* ShellScriptLauncher.m */,
			);
			name = Other;
			sourceTree = "<group>";
		};
		1DD4CBE8131DBBD2008BC62E /* RSVerticallyCenteredTextFieldCell */ = {
			isa = PBXGroup;
			children = (
				1DD4CBE9131DBBD2008BC62E /* MIT-License.rtf */,
				1DD4CBEA131DBBD2008BC62E /* RSVerticallyCenteredTextFieldCell.h */,
				1DD4CBEB131DBBD2008BC62E /* RSVerticallyCenteredTextFieldCell.m */,
			);
			name = RSVerticallyCenteredTextFieldCell;
			path = ../Programming_examples/RSVerticallyCenteredTextFieldCell;
			sourceTree = SOURCE_ROOT;
		};
		1DF56B6E1343C2E4006B5F9D /* DesktopShelfSync */ = {
			isa = PBXGroup;
			children = (
				1DF56B751343C2E4006B5F9D /* Schema-strings.h */,
				1DF56B761343C2E4006B5F9D /* Schema-strings.m */,
				1DF56B781343C2E4006B5F9D /* Schema.plist */,
				1DF56B7A1343C2E4006B5F9D /* Schema.strings */,
				1DF56B7D1343C2E4006B5F9D /* SyncDataClass.tiff */,
				1DF56B6F1343C2E4006B5F9D /* Supporting Files */,
			);
			path = DesktopShelfSync;
			sourceTree = "<group>";
		};
		1DF56B6F1343C2E4006B5F9D /* Supporting Files */ = {
			isa = PBXGroup;
			children = (
				1DF56B701343C2E4006B5F9D /* DesktopShelfSync-Info.plist */,
				1DF56B711343C2E4006B5F9D /* InfoPlist.strings */,
				1DF56B741343C2E4006B5F9D /* DesktopShelfSync-Prefix.pch */,
			);
			name = "Supporting Files";
			sourceTree = "<group>";
		};
		29B97314FDCFA39411CA2CEA /* DesktopShelf */ = {
			isa = PBXGroup;
			children = (
				1D7284961316DADE0054939F /* includes.h */,
				7756732906782D8800D1FEB8 /* Models */,
				080E96DDFE201D6D7F000001 /* Classes */,
				29B97315FDCFA39411CA2CEA /* Other Sources */,
				29B97317FDCFA39411CA2CEA /* Resources */,
				29B97323FDCFA39411CA2CEA /* Frameworks */,
				19C28FACFE9D520D11CA2CBB /* Products */,
				1DF56B6E1343C2E4006B5F9D /* DesktopShelfSync */,
			);
			name = DesktopShelf;
			sourceTree = "<group>";
			usesTabs = 1;
		};
		29B97315FDCFA39411CA2CEA /* Other Sources */ = {
			isa = PBXGroup;
			children = (
				1DD4CBE8131DBBD2008BC62E /* RSVerticallyCenteredTextFieldCell */,
				32CA4F630368D1EE00C91783 /* DesktopShelf_Prefix.pch */,
				29B97316FDCFA39411CA2CEA /* main.m */,
			);
			name = "Other Sources";
			sourceTree = "<group>";
		};
		29B97317FDCFA39411CA2CEA /* Resources */ = {
			isa = PBXGroup;
			children = (
				1D4AFB2B13453A5A00D2485D /* DesktopShelf.scriptSuite */,
				1D4AFB2C13453A5A00D2485D /* DesktopShelf.scriptTerminology */,
				1DF56B851343C6AA006B5F9D /* ClientDescription.plist */,
				1D26A7001339919E00EE0A31 /* Localizable.strings */,
				1DD4CC7C131DC4AA008BC62E /* NewShelfRuleWindow.xib */,
				1D8B3DB81316A82500CCE51A /* TableWindow.xib */,
				1D728671131807FC0054939F /* Prefs.xib */,
				8D1107310486CEB800E47090 /* DesktopShelf-Info.plist */,
				089C165CFE840E0CC02AAC07 /* InfoPlist.strings */,
				2F7446970DB6B7EA00F9684A /* MainMenu.xib */,
				797A78410DDCFB3E0050D0C2 /* Importer-Info.plist */,
				1DD4CBEF131DBC17008BC62E /* Credits.rtf */,
			);
			name = Resources;
			sourceTree = "<group>";
		};
		29B97323FDCFA39411CA2CEA /* Frameworks */ = {
			isa = PBXGroup;
			children = (
				1DF56B341343C053006B5F9D /* SyncServices.framework */,
				1D8FEB87131C456C000E150F /* QuickLook.framework */,
				1D26A6F71339432D00EE0A31 /* ApplicationServices.framework */,
				1058C7A0FEA54F0111CA2CBB /* Linked Frameworks */,
				1DF56B1E1343BA9C006B5F9D /* Foundation.framework */,
				1DF56B3D1343C216006B5F9D /* Cocoa.framework */,
				1DF56B3F1343C216006B5F9D /* WebKit.framework */,
				1058C7A2FEA54F0111CA2CBB /* Other Frameworks */,
			);
			name = Frameworks;
			sourceTree = "<group>";
		};
		7756732906782D8800D1FEB8 /* Models */ = {
			isa = PBXGroup;
			children = (
				1D7284271316D8510054939F /* mogen */,
				770B37EC0679A11B001EADE2 /* DesktopShelf_DataModel.xcdatamodel */,
			);
			name = Models;
			sourceTree = "<group>";
		};
/* End PBXGroup section */

/* Begin PBXNativeTarget section */
		1DF56B6B1343C2E4006B5F9D /* DesktopShelfSync */ = {
			isa = PBXNativeTarget;
			buildConfigurationList = 1DF56B7F1343C2E4006B5F9D /* Build configuration list for PBXNativeTarget "DesktopShelfSync" */;
			buildPhases = (
				1DF56B681343C2E4006B5F9D /* Sources */,
				1DF56B691343C2E4006B5F9D /* Frameworks */,
				1DF56B6A1343C2E4006B5F9D /* Resources */,
			);
			buildRules = (
			);
			dependencies = (
			);
			name = DesktopShelfSync;
			productName = DesktopShelfSync;
			productReference = 1DF56B6C1343C2E4006B5F9D /* DesktopShelfSync.syncschema */;
			productType = "com.apple.product-type.bundle";
		};
		8D1107260486CEB800E47090 /* DesktopShelf */ = {
			isa = PBXNativeTarget;
			buildConfigurationList = 26FC0A840875C7B200E6366F /* Build configuration list for PBXNativeTarget "DesktopShelf" */;
			buildPhases = (
				8D1107290486CEB800E47090 /* Resources */,
				8D11072C0486CEB800E47090 /* Sources */,
				8D11072E0486CEB800E47090 /* Frameworks */,
				7905130A0DDD0A660070760D /* CopyFiles */,
			);
			buildRules = (
			);
			dependencies = (
				1DF56B831343C339006B5F9D /* PBXTargetDependency */,
			);
			name = DesktopShelf;
			productInstallPath = "$(HOME)/Applications";
			productName = DesktopShelf;
			productReference = 8D1107320486CEB800E47090 /* DesktopShelf.app */;
			productType = "com.apple.product-type.application";
		};
/* End PBXNativeTarget section */

/* Begin PBXProject section */
		29B97313FDCFA39411CA2CEA /* Project object */ = {
			isa = PBXProject;
			buildConfigurationList = 26FC0A880875C7B200E6366F /* Build configuration list for PBXProject "DesktopShelf" */;
			compatibilityVersion = "Xcode 3.1";
			developmentRegion = English;
			hasScannedForEncodings = 1;
			knownRegions = (
				English,
				Japanese,
				French,
				German,
				en,
			);
			mainGroup = 29B97314FDCFA39411CA2CEA /* DesktopShelf */;
			projectDirPath = "";
			projectRoot = "";
			targets = (
				8D1107260486CEB800E47090 /* DesktopShelf */,
				1DF56B6B1343C2E4006B5F9D /* DesktopShelfSync */,
			);
		};
/* End PBXProject section */

/* Begin PBXResourcesBuildPhase section */
		1DF56B6A1343C2E4006B5F9D /* Resources */ = {
			isa = PBXResourcesBuildPhase;
			buildActionMask = 2147483647;
			files = (
				1DF56B731343C2E4006B5F9D /* InfoPlist.strings in Resources */,
				1DF56B791343C2E4006B5F9D /* Schema.plist in Resources */,
				1DF56B7C1343C2E4006B5F9D /* Schema.strings in Resources */,
				1DF56B7E1343C2E4006B5F9D /* SyncDataClass.tiff in Resources */,
			);
			runOnlyForDeploymentPostprocessing = 0;
		};
		8D1107290486CEB800E47090 /* Resources */ = {
			isa = PBXResourcesBuildPhase;
			buildActionMask = 2147483647;
			files = (
				1DF56B841343C367006B5F9D /* DesktopShelfSync.syncschema in Resources */,
				8D11072B0486CEB800E47090 /* InfoPlist.strings in Resources */,
				2F7446990DB6B7EA00F9684A /* MainMenu.xib in Resources */,
				1D8B3DB91316A82500CCE51A /* TableWindow.xib in Resources */,
				1D728672131807FC0054939F /* Prefs.xib in Resources */,
				1DD4CBEC131DBBD2008BC62E /* MIT-License.rtf in Resources */,
				1DD4CBF0131DBC17008BC62E /* Credits.rtf in Resources */,
				1DD4CC7D131DC4AA008BC62E /* NewShelfRuleWindow.xib in Resources */,
				1D26A6FE1339919E00EE0A31 /* Localizable.strings in Resources */,
				1DF56B861343C6AA006B5F9D /* ClientDescription.plist in Resources */,
				1D4AFB2D13453A5A00D2485D /* DesktopShelf.scriptSuite in Resources */,
				1D4AFB2E13453A5A00D2485D /* DesktopShelf.scriptTerminology in Resources */,
			);
			runOnlyForDeploymentPostprocessing = 0;
		};
/* End PBXResourcesBuildPhase section */

/* Begin PBXSourcesBuildPhase section */
		1DF56B681343C2E4006B5F9D /* Sources */ = {
			isa = PBXSourcesBuildPhase;
			buildActionMask = 2147483647;
			files = (
				1DF56B771343C2E4006B5F9D /* Schema-strings.m in Sources */,
			);
			runOnlyForDeploymentPostprocessing = 0;
		};
		8D11072C0486CEB800E47090 /* Sources */ = {
			isa = PBXSourcesBuildPhase;
			buildActionMask = 2147483647;
			files = (
				8D11072D0486CEB800E47090 /* main.m in Sources */,
				77C8280E06725ACE000B614F /* DesktopShelf_AppDelegate.m in Sources */,
				770B37ED0679A11B001EADE2 /* DesktopShelf_DataModel.xcdatamodel in Sources */,
				1D8B3E5F1316C20500CCE51A /* URLFile.m in Sources */,
				1D8B3E601316C20500CCE51A /* WeblocFile.m in Sources */,
				1D8B3ED71316C2F800CCE51A /* FileWatcher.m in Sources */,
				1D8B3EE51316C3AC00CCE51A /* DesktopShelfController.m in Sources */,
				1D8B3EE81316C3C800CCE51A /* TableWindowController.m in Sources */,
				1D72842C1316D8510054939F /* _ShelfItem.m in Sources */,
				1D72842D1316D8510054939F /* ShelfItem.m in Sources */,
				1D7285AA1316E8E00054939F /* DataToImageTransformer.m in Sources */,
				1D728675131808410054939F /* PreferencesController.m in Sources */,
				1D7286CA131847E00054939F /* ShelfRulesTransformer.m in Sources */,
				1D7286CF131848C80054939F /* ShelfRule.m in Sources */,
				1D8FEA60131C22ED000E150F /* ShellScriptLauncher.m in Sources */,
				1D8FEA6D131C2648000E150F /* DesktopShelf_AppDelegate+Additions.m in Sources */,
				1DD4CBED131DBBD2008BC62E /* RSVerticallyCenteredTextFieldCell.m in Sources */,
				1D134B3D132DA2E6006FAE3E /* NewShelfRuleController.m in Sources */,
				1D26A6FB13394A0B00EE0A31 /* MenuItemController.m in Sources */,
				1DF56B891343C835006B5F9D /* SyncController.m in Sources */,
				1D4AFB3113453EE000D2485D /* ShelfItem+Applescript.m in Sources */,
				1D4AFB341345408000D2485D /* NSApplication+Applescript.m in Sources */,
				1D87C6D71354C8D800022A12 /* FCSWebPage.m in Sources */,
			);
			runOnlyForDeploymentPostprocessing = 0;
		};
/* End PBXSourcesBuildPhase section */

/* Begin PBXTargetDependency section */
		1DF56B831343C339006B5F9D /* PBXTargetDependency */ = {
			isa = PBXTargetDependency;
			target = 1DF56B6B1343C2E4006B5F9D /* DesktopShelfSync */;
			targetProxy = 1DF56B821343C339006B5F9D /* PBXContainerItemProxy */;
		};
/* End PBXTargetDependency section */

/* Begin PBXVariantGroup section */
		089C165CFE840E0CC02AAC07 /* InfoPlist.strings */ = {
			isa = PBXVariantGroup;
			children = (
				089C165DFE840E0CC02AAC07 /* English */,
			);
			name = InfoPlist.strings;
			sourceTree = "<group>";
		};
		1D26A7001339919E00EE0A31 /* Localizable.strings */ = {
			isa = PBXVariantGroup;
			children = (
				1D26A6FF1339919E00EE0A31 /* English */,
			);
			name = Localizable.strings;
			sourceTree = "<group>";
		};
		1DF56B711343C2E4006B5F9D /* InfoPlist.strings */ = {
			isa = PBXVariantGroup;
			children = (
				1DF56B721343C2E4006B5F9D /* en */,
			);
			name = InfoPlist.strings;
			sourceTree = "<group>";
		};
		1DF56B7A1343C2E4006B5F9D /* Schema.strings */ = {
			isa = PBXVariantGroup;
			children = (
				1DF56B7B1343C2E4006B5F9D /* en */,
			);
			name = Schema.strings;
			sourceTree = "<group>";
		};
		2F7446970DB6B7EA00F9684A /* MainMenu.xib */ = {
			isa = PBXVariantGroup;
			children = (
				2F7446980DB6B7EA00F9684A /* English */,
			);
			name = MainMenu.xib;
			sourceTree = "<group>";
		};
/* End PBXVariantGroup section */

/* Begin XCBuildConfiguration section */
		1DF56B801343C2E4006B5F9D /* Debug */ = {
			isa = XCBuildConfiguration;
			buildSettings = {
				ALWAYS_SEARCH_USER_PATHS = NO;
				COPY_PHASE_STRIP = NO;
				GCC_DYNAMIC_NO_PIC = NO;
				GCC_ENABLE_OBJC_EXCEPTIONS = YES;
				GCC_OPTIMIZATION_LEVEL = 0;
				GCC_PRECOMPILE_PREFIX_HEADER = YES;
				GCC_PREFIX_HEADER = "DesktopShelfSync/DesktopShelfSync-Prefix.pch";
				GCC_PREPROCESSOR_DEFINITIONS = DEBUG;
				GCC_SYMBOLS_PRIVATE_EXTERN = NO;
				GCC_VERSION = com.apple.compilers.llvm.clang.1_0;
				GCC_WARN_64_TO_32_BIT_CONVERSION = YES;
				INFOPLIST_FILE = "DesktopShelfSync/DesktopShelfSync-Info.plist";
				MACOSX_DEPLOYMENT_TARGET = 10.6;
				PRODUCT_NAME = "$(TARGET_NAME)";
				SDKROOT = macosx;
				WRAPPER_EXTENSION = syncschema;
			};
			name = Debug;
		};
		1DF56B811343C2E4006B5F9D /* Release */ = {
			isa = XCBuildConfiguration;
			buildSettings = {
				ALWAYS_SEARCH_USER_PATHS = NO;
				COPY_PHASE_STRIP = YES;
				DEBUG_INFORMATION_FORMAT = "dwarf-with-dsym";
				GCC_ENABLE_OBJC_EXCEPTIONS = YES;
				GCC_PRECOMPILE_PREFIX_HEADER = YES;
				GCC_PREFIX_HEADER = "DesktopShelfSync/DesktopShelfSync-Prefix.pch";
				GCC_VERSION = com.apple.compilers.llvm.clang.1_0;
				GCC_WARN_64_TO_32_BIT_CONVERSION = YES;
				INFOPLIST_FILE = "DesktopShelfSync/DesktopShelfSync-Info.plist";
				MACOSX_DEPLOYMENT_TARGET = 10.6;
				PRODUCT_NAME = "$(TARGET_NAME)";
				SDKROOT = macosx;
				WRAPPER_EXTENSION = syncschema;
			};
			name = Release;
		};
		26FC0A850875C7B200E6366F /* Debug */ = {
			isa = XCBuildConfiguration;
			buildSettings = {
				ARCHS = "$(ARCHS_STANDARD_32_64_BIT)";
				COPY_PHASE_STRIP = NO;
				GCC_DYNAMIC_NO_PIC = NO;
				GCC_ENABLE_FIX_AND_CONTINUE = YES;
				GCC_ENABLE_OBJC_EXCEPTIONS = YES;
				GCC_MODEL_TUNING = G5;
				GCC_OPTIMIZATION_LEVEL = 0;
				GCC_PRECOMPILE_PREFIX_HEADER = YES;
				GCC_PREFIX_HEADER = DesktopShelf_Prefix.pch;
				INFOPLIST_FILE = "DesktopShelf-Info.plist";
				INSTALL_PATH = "$(HOME)/Applications";
				PRODUCT_NAME = DesktopShelf;
				WRAPPER_EXTENSION = app;
			};
			name = Debug;
		};
		26FC0A860875C7B200E6366F /* Release */ = {
			isa = XCBuildConfiguration;
			buildSettings = {
				DEBUG_INFORMATION_FORMAT = "dwarf-with-dsym";
				GCC_ENABLE_OBJC_EXCEPTIONS = YES;
				GCC_MODEL_TUNING = G5;
				GCC_PRECOMPILE_PREFIX_HEADER = YES;
				GCC_PREFIX_HEADER = DesktopShelf_Prefix.pch;
				INFOPLIST_FILE = "DesktopShelf-Info.plist";
				INSTALL_PATH = "$(HOME)/Applications";
				PRODUCT_NAME = DesktopShelf;
				WRAPPER_EXTENSION = app;
			};
			name = Release;
		};
		26FC0A890875C7B200E6366F /* Debug */ = {
			isa = XCBuildConfiguration;
			buildSettings = {
				ARCHS = "$(ARCHS_STANDARD_32_64_BIT)";
				GCC_C_LANGUAGE_STANDARD = gnu99;
				GCC_WARN_ABOUT_RETURN_TYPE = YES;
				GCC_WARN_UNUSED_VARIABLE = YES;
				ONLY_ACTIVE_ARCH = YES;
				PREBINDING = NO;
				SDKROOT = macosx10.6;
			};
			name = Debug;
		};
		26FC0A8A0875C7B200E6366F /* Release */ = {
			isa = XCBuildConfiguration;
			buildSettings = {
				ARCHS = "$(ARCHS_STANDARD_32_64_BIT)";
				GCC_C_LANGUAGE_STANDARD = gnu99;
				GCC_WARN_ABOUT_RETURN_TYPE = YES;
				GCC_WARN_UNUSED_VARIABLE = YES;
				PREBINDING = NO;
				SDKROOT = macosx10.6;
				VALID_ARCHS = "i386 x86_64";
			};
			name = Release;
		};
/* End XCBuildConfiguration section */

/* Begin XCConfigurationList section */
		1DF56B7F1343C2E4006B5F9D /* Build configuration list for PBXNativeTarget "DesktopShelfSync" */ = {
			isa = XCConfigurationList;
			buildConfigurations = (
				1DF56B801343C2E4006B5F9D /* Debug */,
				1DF56B811343C2E4006B5F9D /* Release */,
			);
			defaultConfigurationIsVisible = 0;
			defaultConfigurationName = Release;
		};
		26FC0A840875C7B200E6366F /* Build configuration list for PBXNativeTarget "DesktopShelf" */ = {
			isa = XCConfigurationList;
			buildConfigurations = (
				26FC0A850875C7B200E6366F /* Debug */,
				26FC0A860875C7B200E6366F /* Release */,
			);
			defaultConfigurationIsVisible = 0;
			defaultConfigurationName = Release;
		};
		26FC0A880875C7B200E6366F /* Build configuration list for PBXProject "DesktopShelf" */ = {
			isa = XCConfigurationList;
			buildConfigurations = (
				26FC0A890875C7B200E6366F /* Debug */,
				26FC0A8A0875C7B200E6366F /* Release */,
			);
			defaultConfigurationIsVisible = 0;
			defaultConfigurationName = Release;
		};
/* End XCConfigurationList section */
	};
	rootObject = 29B97313FDCFA39411CA2CEA /* Project object */;
}
